
Microsoft Visual Studio Solution File, Format Version 12.00
# Visual Studio Version 16
VisualStudioVersion = 16.0.32630.194
MinimumVisualStudioVersion = 10.0.40219.1
Project("{FAE04EC0-301F-11D3-BF4B-00C04F79EFBC}") = "Snake and Ladder Game", "Snake and Ladder Game.csproj", "{52CF3E15-CD4E-4E2B-BF07-4A8A84C4B955}"
EndProject
Global
	GlobalSection(SolutionConfigurationPlatforms) = preSolution
		Debug|Any CPU = Debug|Any CPU
		Release|Any CPU = Release|Any CPU
	EndGlobalSection
	GlobalSection(ProjectConfigurationPlatforms) = postSolution
		{52CF3E15-CD4E-4E2B-BF07-4A8A84C4B955}.Debug|Any CPU.ActiveCfg = Debug|Any CPU
		{52CF3E15-CD4E-4E2B-BF07-4A8A84C4B955}.Debug|Any CPU.Build.0 = Debug|Any CPU
		{52CF3E15-CD4E-4E2B-BF07-4A8A84C4B955}.Release|Any CPU.ActiveCfg = Release|Any CPU
		{52CF3E15-CD4E-4E2B-BF07-4A8A84C4B955}.Release|Any CPU.Build.0 = Release|Any CPU
	EndGlobalSection
	GlobalSection(SolutionProperties) = preSolution
		HideSolutionNode = FALSE
	EndGlobalSection
	GlobalSection(ExtensibilityGlobals) = postSolution
		SolutionGuid = {14FE7904-64BE-4E28-88B5-B75D03CF2567}
	EndGlobalSection
EndGlobal
